Microsoft Visual Studio Solution File, Format Version 11.00
# Visual Studio 2008

Project("{6CA6D87B-47CF-40D6-DD1D-A619E3985FF7}") = "JessAndJoeJumper", "Assembly-CSharp.csproj", "{61414EA6-7E07-5AA3-8F8A-B80BAD0C5AC9}"
EndProject
Project("{6CA6D87B-47CF-40D6-DD1D-A619E3985FF7}") = "JessAndJoeJumper", "Assembly-CSharp-Editor-firstpass.csproj", "{D783A046-A7DB-597B-54D4-8B790C78ED2B}"
EndProject
Global
	GlobalSection(SolutionConfigurationPlatforms) = preSolution
		Debug|Any CPU = Debug|Any CPU
		Release|Any CPU = Release|Any CPU
	EndGlobalSection
	GlobalSection(ProjectConfigurationPlatforms) = postSolution
		{61414EA6-7E07-5AA3-8F8A-B80BAD0C5AC9}.Debug|Any CPU.ActiveCfg = Debug|Any CPU
		{61414EA6-7E07-5AA3-8F8A-B80BAD0C5AC9}.Debug|Any CPU.Build.0 = Debug|Any CPU
		{61414EA6-7E07-5AA3-8F8A-B80BAD0C5AC9}.Release|Any CPU.ActiveCfg = Release|Any CPU
		{61414EA6-7E07-5AA3-8F8A-B80BAD0C5AC9}.Release|Any CPU.Build.0 = Release|Any CPU
		{D783A046-A7DB-597B-54D4-8B790C78ED2B}.Debug|Any CPU.ActiveCfg = Debug|Any CPU
		{D783A046-A7DB-597B-54D4-8B790C78ED2B}.Debug|Any CPU.Build.0 = Debug|Any CPU
		{D783A046-A7DB-597B-54D4-8B790C78ED2B}.Release|Any CPU.ActiveCfg = Release|Any CPU
		{D783A046-A7DB-597B-54D4-8B790C78ED2B}.Release|Any CPU.Build.0 = Release|Any CPU
	EndGlobalSection
	GlobalSection(SolutionProperties) = preSolution
		HideSolutionNode = FALSE
	EndGlobalSection
	GlobalSection(MonoDevelopProperties) = preSolution
		StartupItem = Assembly-CSharp.csproj
	EndGlobalSection
EndGlobal
